<Solution>
  <Folder Name="/src/">
    <Project Path="src/AssemblyQuality/AssemblyQuality.csproj" />
  </Folder>
  <Folder Name="/tests/">
    <Project Path="tests/AssemblyQuality.Tests/AssemblyQuality.Tests.csproj" />
  </Folder>
  <Folder Name="/tests/fixtures/">
    <Project Path="tests/fixtures/Absent/Absent.csproj" />
    <Project Path="tests/fixtures/Orphan/Orphan.csproj" />
    <Project Path="tests/fixtures/Dependent/Dependent.csproj" />
    <Project Path="tests/fixtures/VersionOne/VersionOne.csproj" />
    <Project Path="tests/fixtures/VersionTwo/VersionTwo.csproj" />
  </Folder>
</Solution>
